{
    "_meta": {
        "hash": {
            "sha256": "549db1cde68576ef807fe51607c80da45dd6121085d96023ab7215b76eb406a5"
        },
        "pipfile-spec": 6,
        "requires": {
            "python_version": "3.11"
        },
        "sources": [
            {
                "name": "pypi",
                "url": "https://pypi.org/simple",
                "verify_ssl": true
            }
        ]
    },
    "default": {
        "colorama": {
            "hashes": [
                "sha256:08695f5cb7ed6e0531a20572697297273c47b8cae5a63ffc6d6ed5c201be6e44",
                "sha256:4f1d9991f5acc0ca119f9d443620b77f9d6b33703e51011c16baf57afb285fc6"
            ],
            "markers": "platform_system == 'Windows'",
            "version": "==0.4.6"
        },
        "phonenumbers": {
            "hashes": [
                "sha256:5fa952b4abf9fccdaf1f130d96114a520c48890d4091b50a064e22c0fdc12dec",
                "sha256:a4b20b6ba7dd402728f5cc8e86e1f29b1a873af45f5381dbee7e3083af497ff6"
            ],
            "index": "pypi",
            "version": "==8.13.14"
        },
        "tqdm": {
            "hashes": [
                "sha256:1871fb68a86b8fb3b59ca4cdd3dcccbc7e6d613eeed31f4c332531977b89beb5",
                "sha256:c4f53a17fe37e132815abceec022631be8ffe1b9381c2e6e30aa70edc99e9671"
            ],
            "index": "pypi",
            "version": "==4.65.0"
        }
    },
    "develop": {}
}
